
Microsoft Visual Studio Solution File, Format Version 12.00
# Visual Studio Version 17
VisualStudioVersion = 17.12.35707.178
MinimumVisualStudioVersion = 10.0.40219.1
Project("{FAE04EC0-301F-11D3-BF4B-00C04F79EFBC}") = "CleanCodePatterns", "CleanCodePatterns\CleanCodePatterns.csproj", "{C681974F-A098-4352-8591-BF257E13B97E}"
EndProject
Project("{FAE04EC0-301F-11D3-BF4B-00C04F79EFBC}") = "SOLID", "SOLID\SOLID.csproj", "{DD98F067-3EE9-4B1B-A35B-A868344BA444}"
EndProject
Project("{FAE04EC0-301F-11D3-BF4B-00C04F79EFBC}") = "OOP", "OOP\OOP.csproj", "{77D8C333-6F9C-4B55-8D6F-08F3029774DC}"
EndProject
Project("{FAE04EC0-301F-11D3-BF4B-00C04F79EFBC}") = "EagerLazyLoading", "EagerLazyLoading\EagerLazyLoading.csproj", "{98B92BF4-2BA0-46B8-8711-61767D7F35E1}"
EndProject
Project("{FAE04EC0-301F-11D3-BF4B-00C04F79EFBC}") = "UnitOfWork", "UnitOfWork\UnitOfWork.csproj", "{27A25107-F71A-4E69-877E-B66AAC6DA868}"
EndProject
Project("{FAE04EC0-301F-11D3-BF4B-00C04F79EFBC}") = "WorkerService", "WorkerService\WorkerService.csproj", "{E0DC6C6B-8A8D-4A96-90C1-D1C0B20ADD55}"
EndProject
Project("{FAE04EC0-301F-11D3-BF4B-00C04F79EFBC}") = "GenericRepository", "GenericRepository\GenericRepository.csproj", "{F61EB211-64E5-4AC8-AFEB-0FADFEC26DAF}"
EndProject
Project("{FAE04EC0-301F-11D3-BF4B-00C04F79EFBC}") = "TightAndLooseCoupling", "TightAndLooseCoupling\TightAndLooseCoupling.csproj", "{FDD5EB90-22E5-4764-A5C0-668F912C2F09}"
EndProject
Project("{FAE04EC0-301F-11D3-BF4B-00C04F79EFBC}") = "SingletonPattern", "SingletonPatternDesign\SingletonPattern.csproj", "{19317351-9ACD-4DF2-AC05-E9E9CF68BC5B}"
EndProject
Project("{FAE04EC0-301F-11D3-BF4B-00C04F79EFBC}") = "FactoryMethodPattern", "FactoryMethodPattern\FactoryMethodPattern.csproj", "{F0B7EC12-41B4-4E0E-BEC1-A4D78B40BA03}"
EndProject
Global
	GlobalSection(SolutionConfigurationPlatforms) = preSolution
		Debug|Any CPU = Debug|Any CPU
		Release|Any CPU = Release|Any CPU
	EndGlobalSection
	GlobalSection(ProjectConfigurationPlatforms) = postSolution
		{C681974F-A098-4352-8591-BF257E13B97E}.Debug|Any CPU.ActiveCfg = Debug|Any CPU
		{C681974F-A098-4352-8591-BF257E13B97E}.Debug|Any CPU.Build.0 = Debug|Any CPU
		{C681974F-A098-4352-8591-BF257E13B97E}.Release|Any CPU.ActiveCfg = Release|Any CPU
		{C681974F-A098-4352-8591-BF257E13B97E}.Release|Any CPU.Build.0 = Release|Any CPU
		{DD98F067-3EE9-4B1B-A35B-A868344BA444}.Debug|Any CPU.ActiveCfg = Debug|Any CPU
		{DD98F067-3EE9-4B1B-A35B-A868344BA444}.Debug|Any CPU.Build.0 = Debug|Any CPU
		{DD98F067-3EE9-4B1B-A35B-A868344BA444}.Release|Any CPU.ActiveCfg = Release|Any CPU
		{DD98F067-3EE9-4B1B-A35B-A868344BA444}.Release|Any CPU.Build.0 = Release|Any CPU
		{77D8C333-6F9C-4B55-8D6F-08F3029774DC}.Debug|Any CPU.ActiveCfg = Debug|Any CPU
		{77D8C333-6F9C-4B55-8D6F-08F3029774DC}.Debug|Any CPU.Build.0 = Debug|Any CPU
		{77D8C333-6F9C-4B55-8D6F-08F3029774DC}.Release|Any CPU.ActiveCfg = Release|Any CPU
		{77D8C333-6F9C-4B55-8D6F-08F3029774DC}.Release|Any CPU.Build.0 = Release|Any CPU
		{98B92BF4-2BA0-46B8-8711-61767D7F35E1}.Debug|Any CPU.ActiveCfg = Debug|Any CPU
		{98B92BF4-2BA0-46B8-8711-61767D7F35E1}.Debug|Any CPU.Build.0 = Debug|Any CPU
		{98B92BF4-2BA0-46B8-8711-61767D7F35E1}.Release|Any CPU.ActiveCfg = Release|Any CPU
		{98B92BF4-2BA0-46B8-8711-61767D7F35E1}.Release|Any CPU.Build.0 = Release|Any CPU
		{27A25107-F71A-4E69-877E-B66AAC6DA868}.Debug|Any CPU.ActiveCfg = Debug|Any CPU
		{27A25107-F71A-4E69-877E-B66AAC6DA868}.Debug|Any CPU.Build.0 = Debug|Any CPU
		{27A25107-F71A-4E69-877E-B66AAC6DA868}.Release|Any CPU.ActiveCfg = Release|Any CPU
		{27A25107-F71A-4E69-877E-B66AAC6DA868}.Release|Any CPU.Build.0 = Release|Any CPU
		{E0DC6C6B-8A8D-4A96-90C1-D1C0B20ADD55}.Debug|Any CPU.ActiveCfg = Debug|Any CPU
		{E0DC6C6B-8A8D-4A96-90C1-D1C0B20ADD55}.Debug|Any CPU.Build.0 = Debug|Any CPU
		{E0DC6C6B-8A8D-4A96-90C1-D1C0B20ADD55}.Release|Any CPU.ActiveCfg = Release|Any CPU
		{E0DC6C6B-8A8D-4A96-90C1-D1C0B20ADD55}.Release|Any CPU.Build.0 = Release|Any CPU
		{F61EB211-64E5-4AC8-AFEB-0FADFEC26DAF}.Debug|Any CPU.ActiveCfg = Debug|Any CPU
		{F61EB211-64E5-4AC8-AFEB-0FADFEC26DAF}.Debug|Any CPU.Build.0 = Debug|Any CPU
		{F61EB211-64E5-4AC8-AFEB-0FADFEC26DAF}.Release|Any CPU.ActiveCfg = Release|Any CPU
		{F61EB211-64E5-4AC8-AFEB-0FADFEC26DAF}.Release|Any CPU.Build.0 = Release|Any CPU
		{FDD5EB90-22E5-4764-A5C0-668F912C2F09}.Debug|Any CPU.ActiveCfg = Debug|Any CPU
		{FDD5EB90-22E5-4764-A5C0-668F912C2F09}.Debug|Any CPU.Build.0 = Debug|Any CPU
		{FDD5EB90-22E5-4764-A5C0-668F912C2F09}.Release|Any CPU.ActiveCfg = Release|Any CPU
		{FDD5EB90-22E5-4764-A5C0-668F912C2F09}.Release|Any CPU.Build.0 = Release|Any CPU
		{19317351-9ACD-4DF2-AC05-E9E9CF68BC5B}.Debug|Any CPU.ActiveCfg = Debug|Any CPU
		{19317351-9ACD-4DF2-AC05-E9E9CF68BC5B}.Debug|Any CPU.Build.0 = Debug|Any CPU
		{19317351-9ACD-4DF2-AC05-E9E9CF68BC5B}.Release|Any CPU.ActiveCfg = Release|Any CPU
		{19317351-9ACD-4DF2-AC05-E9E9CF68BC5B}.Release|Any CPU.Build.0 = Release|Any CPU
		{F0B7EC12-41B4-4E0E-BEC1-A4D78B40BA03}.Debug|Any CPU.ActiveCfg = Debug|Any CPU
		{F0B7EC12-41B4-4E0E-BEC1-A4D78B40BA03}.Debug|Any CPU.Build.0 = Debug|Any CPU
		{F0B7EC12-41B4-4E0E-BEC1-A4D78B40BA03}.Release|Any CPU.ActiveCfg = Release|Any CPU
		{F0B7EC12-41B4-4E0E-BEC1-A4D78B40BA03}.Release|Any CPU.Build.0 = Release|Any CPU
	EndGlobalSection
	GlobalSection(SolutionProperties) = preSolution
		HideSolutionNode = FALSE
	EndGlobalSection
EndGlobal
